{
  "name": "Pawfect Match",
  "lockfileVersion": 3,
  "requires": true,
  "packages": {
    "": {
      "dependencies": {
        "email.min.js": "^1.2.3-0",
        "emailjs": "^4.0.3"
      }
    },
    "node_modules/email.min.js": {
      "version": "1.2.3-0",
      "resolved": "https://registry.npmjs.org/email.min.js/-/email.min.js-1.2.3-0.tgz",
      "integrity": "sha512-bnD2KknhefX75tORxfJhMlHd1icQWvoe4GKtTTNUHn3HZYlZKepCIKRM8h+9B/wjxa3C0Tw7JqFIZw5E/F0VwQ==",
      "license": "MIT",
      "engines": {
        "node": ">=10.0.0"
      }
    },
    "node_modules/emailjs": {
      "version": "4.0.3",
      "resolved": "https://registry.npmjs.org/emailjs/-/emailjs-4.0.3.tgz",
      "integrity": "sha512-1CDXoE3FxkSg7QRTlLsDCYG9elFNu/JQsYWu3Xfrk77ubbg5zYgFGg+JRUKQJ56mceM8o3rHHX0VB4wo9XsyLQ==",
      "license": "MIT",
      "engines": {
        "node": ">=12"
      },
      "peerDependencies": {
        "typescript": ">=4.3.5"
      },
      "peerDependenciesMeta": {
        "typescript": {
          "optional": true
        }
      }
    }
  }
}
